
Microsoft Visual Studio Solution File, Format Version 12.00
# Visual Studio Version 16
VisualStudioVersion = 16.0.31205.134
MinimumVisualStudioVersion = 10.0.40219.1
Project("{FAE04EC0-301F-11D3-BF4B-00C04F79EFBC}") = "Models", "Models\Models.csproj", "{DFFA9E67-8CA4-49A6-89C6-B572867431B0}"
EndProject
Global
	GlobalSection(SolutionConfigurationPlatforms) = preSolution
		Debug|Any CPU = Debug|Any CPU
		Release|Any CPU = Release|Any CPU
	EndGlobalSection
	GlobalSection(ProjectConfigurationPlatforms) = postSolution
		{DFFA9E67-8CA4-49A6-89C6-B572867431B0}.Debug|Any CPU.ActiveCfg = Debug|Any CPU
		{DFFA9E67-8CA4-49A6-89C6-B572867431B0}.Debug|Any CPU.Build.0 = Debug|Any CPU
		{DFFA9E67-8CA4-49A6-89C6-B572867431B0}.Release|Any CPU.ActiveCfg = Release|Any CPU
		{DFFA9E67-8CA4-49A6-89C6-B572867431B0}.Release|Any CPU.Build.0 = Release|Any CPU
	EndGlobalSection
	GlobalSection(SolutionProperties) = preSolution
		HideSolutionNode = FALSE
	EndGlobalSection
	GlobalSection(ExtensibilityGlobals) = postSolution
		SolutionGuid = {AB49C2EF-D4DD-4DFA-AFD2-D3AA6F4E90EA}
	EndGlobalSection
EndGlobal
